// !$*UTF8*$!
{
	archiveVersion = 1;
	classes = {
	};
	objectVersion = 46;
	objects = {

/* Begin PBXBuildFile section */
		D90C605C1AA9A27B00EBD637 /* AdColonyAgent.cpp in Sources */ = {isa = PBXBuildFile; fileRef = D90C605B1AA9A27B00EBD637 /* AdColonyAgent.cpp */; };
		D924DFD81AA036FE0028CE01 /* AdColonyAdsWrapper.mm in Sources */ = {isa = PBXBuildFile; fileRef = D924DFD71AA036FE0028CE01 /* AdColonyAdsWrapper.mm */; };
		D924DFDA1AA038C70028CE01 /* AdsAdColony.mm in Sources */ = {isa = PBXBuildFile; fileRef = D924DFD91AA038C70028CE01 /* AdsAdColony.mm */; };
		D96B608E1A9DA4BC00C0FDF5 /* AdColony.framework in Frameworks */ = {isa = PBXBuildFile; fileRef = D96B608D1A9DA4BC00C0FDF5 /* AdColony.framework */; };
		EAE024591A9C83730007859C /* AdsAdColony.h in CopyFiles */ = {isa = PBXBuildFile; fileRef = EAE024581A9C83730007859C /* AdsAdColony.h */; };
/* End PBXBuildFile section */

/* Begin PBXCopyFilesBuildPhase section */
		EAE024531A9C83730007859C /* CopyFiles */ = {
			isa = PBXCopyFilesBuildPhase;
			buildActionMask = 2147483647;
			dstPath = "include/$(PRODUCT_NAME)";
			dstSubfolderSpec = 16;
			files = (
				EAE024591A9C83730007859C /* AdsAdColony.h in CopyFiles */,
			);
			runOnlyForDeploymentPostprocessing = 0;
		};
/* End PBXCopyFilesBuildPhase section */

/* Begin PBXFileReference section */
		D90C605B1AA9A27B00EBD637 /* AdColonyAgent.cpp */ = {isa = PBXFileReference; fileEncoding = 4; lastKnownFileType = sourcecode.cpp.cpp; name = AdColonyAgent.cpp; path = ../AdColonyAgent.cpp; sourceTree = "<group>"; };
		D924DFD11AA023B70028CE01 /* AdColonyAdsWrapper.h */ = {isa = PBXFileReference; fileEncoding = 4; lastKnownFileType = sourcecode.c.h; path = AdColonyAdsWrapper.h; sourceTree = "<group>"; };
		D924DFD51AA0256F0028CE01 /* AdColonyAgent.h */ = {isa = PBXFileReference; lastKnownFileType = sourcecode.c.h; path = AdColonyAgent.h; sourceTree = "<group>"; };
		D924DFD71AA036FE0028CE01 /* AdColonyAdsWrapper.mm */ = {isa = PBXFileReference; fileEncoding = 4; lastKnownFileType = sourcecode.cpp.objcpp; path = AdColonyAdsWrapper.mm; sourceTree = "<group>"; };
		D924DFD91AA038C70028CE01 /* AdsAdColony.mm */ = {isa = PBXFileReference; fileEncoding = 4; lastKnownFileType = sourcecode.cpp.objcpp; path = AdsAdColony.mm; sourceTree = "<group>"; };
		D96B608D1A9DA4BC00C0FDF5 /* AdColony.framework */ = {isa = PBXFileReference; lastKnownFileType = wrapper.framework; path = AdColony.framework; sourceTree = "<group>"; };
		D9AD43EA1AB13638006EBB96 /* AdColonyInternal.h */ = {isa = PBXFileReference; lastKnownFileType = sourcecode.c.h; path = AdColonyInternal.h; sourceTree = "<group>"; };
		EAE024551A9C83730007859C /* libPluginAdColony.a */ = {isa = PBXFileReference; explicitFileType = archive.ar; includeInIndex = 0; path = libPluginAdColony.a; sourceTree = BUILT_PRODUCTS_DIR; };
		EAE024581A9C83730007859C /* AdsAdColony.h */ = {isa = PBXFileReference; lastKnownFileType = sourcecode.c.h; path = AdsAdColony.h; sourceTree = "<group>"; };
		EAE024661A9C83730007859C /* Info.plist */ = {isa = PBXFileReference; lastKnownFileType = text.plist.xml; path = Info.plist; sourceTree = "<group>"; };
/* End PBXFileReference section */

/* Begin PBXFrameworksBuildPhase section */
		EAE024521A9C83730007859C /* Frameworks */ = {
			isa = PBXFrameworksBuildPhase;
			buildActionMask = 2147483647;
			files = (
				D96B608E1A9DA4BC00C0FDF5 /* AdColony.framework in Frameworks */,
			);
			runOnlyForDeploymentPostprocessing = 0;
		};
/* End PBXFrameworksBuildPhase section */

/* Begin PBXGroup section */
		D924DFD41AA025080028CE01 /* include */ = {
			isa = PBXGroup;
			children = (
				D924DFD51AA0256F0028CE01 /* AdColonyAgent.h */,
				D9AD43EA1AB13638006EBB96 /* AdColonyInternal.h */,
			);
			name = include;
			path = ../include;
			sourceTree = "<group>";
		};
		EAE0244C1A9C83730007859C = {
			isa = PBXGroup;
			children = (
				D90C605B1AA9A27B00EBD637 /* AdColonyAgent.cpp */,
				D924DFD41AA025080028CE01 /* include */,
				D96B608D1A9DA4BC00C0FDF5 /* AdColony.framework */,
				EAE024571A9C83730007859C /* PluginAdColony */,
				EAE024641A9C83730007859C /* PluginAdColonyTests */,
				EAE024561A9C83730007859C /* Products */,
			);
			sourceTree = "<group>";
		};
		EAE024561A9C83730007859C /* Products */ = {
			isa = PBXGroup;
			children = (
				EAE024551A9C83730007859C /* libPluginAdColony.a */,
			);
			name = Products;
			sourceTree = "<group>";
		};
		EAE024571A9C83730007859C /* PluginAdColony */ = {
			isa = PBXGroup;
			children = (
				EAE024581A9C83730007859C /* AdsAdColony.h */,
				D924DFD91AA038C70028CE01 /* AdsAdColony.mm */,
				D924DFD11AA023B70028CE01 /* AdColonyAdsWrapper.h */,
				D924DFD71AA036FE0028CE01 /* AdColonyAdsWrapper.mm */,
			);
			path = PluginAdColony;
			sourceTree = "<group>";
		};
		EAE024641A9C83730007859C /* PluginAdColonyTests */ = {
			isa = PBXGroup;
			children = (
				EAE024651A9C83730007859C /* Supporting Files */,
			);
			path = PluginAdColonyTests;
			sourceTree = "<group>";
		};
		EAE024651A9C83730007859C /* Supporting Files */ = {
			isa = PBXGroup;
			children = (
				EAE024661A9C83730007859C /* Info.plist */,
			);
			name = "Supporting Files";
			sourceTree = "<group>";
		};
/* End PBXGroup section */

/* Begin PBXNativeTarget section */
		EAE024541A9C83730007859C /* PluginAdColony */ = {
			isa = PBXNativeTarget;
			buildConfigurationList = EAE024691A9C83730007859C /* Build configuration list for PBXNativeTarget "PluginAdColony" */;
			buildPhases = (
				EAE024511A9C83730007859C /* Sources */,
				EAE024521A9C83730007859C /* Frameworks */,
				EAE024531A9C83730007859C /* CopyFiles */,
			);
			buildRules = (
			);
			dependencies = (
			);
			name = PluginAdColony;
			productName = PluginAdColony;
			productReference = EAE024551A9C83730007859C /* libPluginAdColony.a */;
			productType = "com.apple.product-type.library.static";
		};
/* End PBXNativeTarget section */

/* Begin PBXProject section */
		EAE0244D1A9C83730007859C /* Project object */ = {
			isa = PBXProject;
			attributes = {
				LastUpgradeCheck = 0610;
				ORGANIZATIONNAME = "Glossom, Inc.";
				TargetAttributes = {
					EAE024541A9C83730007859C = {
						CreatedOnToolsVersion = 6.1.1;
					};
				};
			};
			buildConfigurationList = EAE024501A9C83730007859C /* Build configuration list for PBXProject "PluginAdColony" */;
			compatibilityVersion = "Xcode 3.2";
			developmentRegion = English;
			hasScannedForEncodings = 0;
			knownRegions = (
				en,
			);
			mainGroup = EAE0244C1A9C83730007859C;
			productRefGroup = EAE024561A9C83730007859C /* Products */;
			projectDirPath = "";
			projectRoot = "";
			targets = (
				EAE024541A9C83730007859C /* PluginAdColony */,
			);
		};
/* End PBXProject section */

/* Begin PBXSourcesBuildPhase section */
		EAE024511A9C83730007859C /* Sources */ = {
			isa = PBXSourcesBuildPhase;
			buildActionMask = 2147483647;
			files = (
				D924DFD81AA036FE0028CE01 /* AdColonyAdsWrapper.mm in Sources */,
				D90C605C1AA9A27B00EBD637 /* AdColonyAgent.cpp in Sources */,
				D924DFDA1AA038C70028CE01 /* AdsAdColony.mm in Sources */,
			);
			runOnlyForDeploymentPostprocessing = 0;
		};
/* End PBXSourcesBuildPhase section */

/* Begin XCBuildConfiguration section */
		EAE024671A9C83730007859C /* Debug */ = {
			isa = XCBuildConfiguration;
			buildSettings = {
				ALWAYS_SEARCH_USER_PATHS = NO;
				CLANG_CXX_LANGUAGE_STANDARD = "gnu++0x";
				CLANG_CXX_LIBRARY = "libc++";
				CLANG_ENABLE_MODULES = YES;
				CLANG_ENABLE_OBJC_ARC = YES;
				CLANG_WARN_BOOL_CONVERSION = YES;
				CLANG_WARN_CONSTANT_CONVERSION = YES;
				CLANG_WARN_DIRECT_OBJC_ISA_USAGE = YES_ERROR;
				CLANG_WARN_EMPTY_BODY = YES;
				CLANG_WARN_ENUM_CONVERSION = YES;
				CLANG_WARN_INT_CONVERSION = YES;
				CLANG_WARN_OBJC_ROOT_CLASS = YES_ERROR;
				CLANG_WARN_UNREACHABLE_CODE = YES;
				CLANG_WARN__DUPLICATE_METHOD_MATCH = YES;
				COPY_PHASE_STRIP = NO;
				ENABLE_STRICT_OBJC_MSGSEND = YES;
				GCC_C_LANGUAGE_STANDARD = gnu99;
				GCC_DYNAMIC_NO_PIC = NO;
				GCC_OPTIMIZATION_LEVEL = 0;
				GCC_PREPROCESSOR_DEFINITIONS = (
					"DEBUG=1",
					"$(inherited)",
				);
				GCC_SYMBOLS_PRIVATE_EXTERN = NO;
				GCC_WARN_64_TO_32_BIT_CONVERSION = YES;
				GCC_WARN_ABOUT_RETURN_TYPE = YES_ERROR;
				GCC_WARN_UNDECLARED_SELECTOR = YES;
				GCC_WARN_UNINITIALIZED_AUTOS = YES_AGGRESSIVE;
				GCC_WARN_UNUSED_FUNCTION = YES;
				GCC_WARN_UNUSED_VARIABLE = YES;
				IPHONEOS_DEPLOYMENT_TARGET = 8.1;
				MTL_ENABLE_DEBUG_INFO = YES;
				ONLY_ACTIVE_ARCH = YES;
				SDKROOT = iphoneos;
			};
			name = Debug;
		};
		EAE024681A9C83730007859C /* Release */ = {
			isa = XCBuildConfiguration;
			buildSettings = {
				ALWAYS_SEARCH_USER_PATHS = NO;
				CLANG_CXX_LANGUAGE_STANDARD = "gnu++0x";
				CLANG_CXX_LIBRARY = "libc++";
				CLANG_ENABLE_MODULES = YES;
				CLANG_ENABLE_OBJC_ARC = YES;
				CLANG_WARN_BOOL_CONVERSION = YES;
				CLANG_WARN_CONSTANT_CONVERSION = YES;
				CLANG_WARN_DIRECT_OBJC_ISA_USAGE = YES_ERROR;
				CLANG_WARN_EMPTY_BODY = YES;
				CLANG_WARN_ENUM_CONVERSION = YES;
				CLANG_WARN_INT_CONVERSION = YES;
				CLANG_WARN_OBJC_ROOT_CLASS = YES_ERROR;
				CLANG_WARN_UNREACHABLE_CODE = YES;
				CLANG_WARN__DUPLICATE_METHOD_MATCH = YES;
				COPY_PHASE_STRIP = YES;
				ENABLE_NS_ASSERTIONS = NO;
				ENABLE_STRICT_OBJC_MSGSEND = YES;
				GCC_C_LANGUAGE_STANDARD = gnu99;
				GCC_WARN_64_TO_32_BIT_CONVERSION = YES;
				GCC_WARN_ABOUT_RETURN_TYPE = YES_ERROR;
				GCC_WARN_UNDECLARED_SELECTOR = YES;
				GCC_WARN_UNINITIALIZED_AUTOS = YES_AGGRESSIVE;
				GCC_WARN_UNUSED_FUNCTION = YES;
				GCC_WARN_UNUSED_VARIABLE = YES;
				IPHONEOS_DEPLOYMENT_TARGET = 8.1;
				MTL_ENABLE_DEBUG_INFO = NO;
				SDKROOT = iphoneos;
				VALIDATE_PRODUCT = YES;
			};
			name = Release;
		};
		EAE0246A1A9C83730007859C /* Debug */ = {
			isa = XCBuildConfiguration;
			buildSettings = {
				FRAMEWORK_SEARCH_PATHS = (
					"$(inherited)",
					"$(PROJECT_DIR)",
				);
				HEADER_SEARCH_PATHS = (
					"$(inherited)",
					/Applications/Xcode.app/Contents/Developer/Toolchains/XcodeDefault.xctoolchain/usr/include,
					"$(SRCROOT)/../../../protocols/include",
					"$(SRCROOT)/../../../protocols/platform/ios",
				);
				OTHER_LDFLAGS = (
					"-ObjC",
					"-fobjc-arc",
				);
				PRODUCT_NAME = "$(TARGET_NAME)";
				SKIP_INSTALL = YES;
			};
			name = Debug;
		};
		EAE0246B1A9C83730007859C /* Release */ = {
			isa = XCBuildConfiguration;
			buildSettings = {
				FRAMEWORK_SEARCH_PATHS = (
					"$(inherited)",
					"$(PROJECT_DIR)",
				);
				HEADER_SEARCH_PATHS = (
					"$(inherited)",
					/Applications/Xcode.app/Contents/Developer/Toolchains/XcodeDefault.xctoolchain/usr/include,
					"$(SRCROOT)/../../../protocols/include",
					"$(SRCROOT)/../../../protocols/platform/ios",
				);
				OTHER_LDFLAGS = (
					"-ObjC",
					"-fobjc-arc",
				);
				PRODUCT_NAME = "$(TARGET_NAME)";
				SKIP_INSTALL = YES;
			};
			name = Release;
		};
/* End XCBuildConfiguration section */

/* Begin XCConfigurationList section */
		EAE024501A9C83730007859C /* Build configuration list for PBXProject "PluginAdColony" */ = {
			isa = XCConfigurationList;
			buildConfigurations = (
				EAE024671A9C83730007859C /* Debug */,
				EAE024681A9C83730007859C /* Release */,
			);
			defaultConfigurationIsVisible = 0;
			defaultConfigurationName = Release;
		};
		EAE024691A9C83730007859C /* Build configuration list for PBXNativeTarget "PluginAdColony" */ = {
			isa = XCConfigurationList;
			buildConfigurations = (
				EAE0246A1A9C83730007859C /* Debug */,
				EAE0246B1A9C83730007859C /* Release */,
			);
			defaultConfigurationIsVisible = 0;
			defaultConfigurationName = Release;
		};
/* End XCConfigurationList section */
	};
	rootObject = EAE0244D1A9C83730007859C /* Project object */;
}
